
Microsoft Visual Studio Solution File, Format Version 12.00
# Visual Studio 15
VisualStudioVersion = 15.0.28307.421
MinimumVisualStudioVersion = 10.0.40219.1
Project("{FAE04EC0-301F-11D3-BF4B-00C04F79EFBC}") = "app.Android", "app\app.Android\app.Android.csproj", "{5126697E-5A29-4667-85D3-434EAD4DDE40}"
EndProject
Project("{FAE04EC0-301F-11D3-BF4B-00C04F79EFBC}") = "app.iOS", "app\app.iOS\app.iOS.csproj", "{86C1F468-0D2E-46ED-896A-400AE9783BC7}"
EndProject
Project("{FAE04EC0-301F-11D3-BF4B-00C04F79EFBC}") = "app", "app\app\app.csproj", "{1FCD6834-AA5F-45FC-B547-F6A2CA53DCCB}"
EndProject
Global
	GlobalSection(SolutionConfigurationPlatforms) = preSolution
		Ad-Hoc|Any CPU = Ad-Hoc|Any CPU
		Ad-Hoc|iPhone = Ad-Hoc|iPhone
		Ad-Hoc|iPhoneSimulator = Ad-Hoc|iPhoneSimulator
		AppStore|Any CPU = AppStore|Any CPU
		AppStore|iPhone = AppStore|iPhone
		AppStore|iPhoneSimulator = AppStore|iPhoneSimulator
		Debug|Any CPU = Debug|Any CPU
		Debug|iPhone = Debug|iPhone
		Debug|iPhoneSimulator = Debug|iPhoneSimulator
		Release|Any CPU = Release|Any CPU
		Release|iPhone = Release|iPhone
		Release|iPhoneSimulator = Release|iPhoneSimulator
	EndGlobalSection
	GlobalSection(ProjectConfigurationPlatforms) = postSolution
		{5126697E-5A29-4667-85D3-434EAD4DDE40}.Ad-Hoc|Any CPU.ActiveCfg = Release|Any CPU
		{5126697E-5A29-4667-85D3-434EAD4DDE40}.Ad-Hoc|Any CPU.Build.0 = Release|Any CPU
		{5126697E-5A29-4667-85D3-434EAD4DDE40}.Ad-Hoc|Any CPU.Deploy.0 = Release|Any CPU
		{5126697E-5A29-4667-85D3-434EAD4DDE40}.Ad-Hoc|iPhone.ActiveCfg = Release|Any CPU
		{5126697E-5A29-4667-85D3-434EAD4DDE40}.Ad-Hoc|iPhone.Build.0 = Release|Any CPU
		{5126697E-5A29-4667-85D3-434EAD4DDE40}.Ad-Hoc|iPhone.Deploy.0 = Release|Any CPU
		{5126697E-5A29-4667-85D3-434EAD4DDE40}.Ad-Hoc|iPhoneSimulator.ActiveCfg = Release|Any CPU
		{5126697E-5A29-4667-85D3-434EAD4DDE40}.Ad-Hoc|iPhoneSimulator.Build.0 = Release|Any CPU
		{5126697E-5A29-4667-85D3-434EAD4DDE40}.Ad-Hoc|iPhoneSimulator.Deploy.0 = Release|Any CPU
		{5126697E-5A29-4667-85D3-434EAD4DDE40}.AppStore|Any CPU.ActiveCfg = Release|Any CPU
		{5126697E-5A29-4667-85D3-434EAD4DDE40}.AppStore|Any CPU.Build.0 = Release|Any CPU
		{5126697E-5A29-4667-85D3-434EAD4DDE40}.AppStore|Any CPU.Deploy.0 = Release|Any CPU
		{5126697E-5A29-4667-85D3-434EAD4DDE40}.AppStore|iPhone.ActiveCfg = Release|Any CPU
		{5126697E-5A29-4667-85D3-434EAD4DDE40}.AppStore|iPhone.Build.0 = Release|Any CPU
		{5126697E-5A29-4667-85D3-434EAD4DDE40}.AppStore|iPhone.Deploy.0 = Release|Any CPU
		{5126697E-5A29-4667-85D3-434EAD4DDE40}.AppStore|iPhoneSimulator.ActiveCfg = Release|Any CPU
		{5126697E-5A29-4667-85D3-434EAD4DDE40}.AppStore|iPhoneSimulator.Build.0 = Release|Any CPU
		{5126697E-5A29-4667-85D3-434EAD4DDE40}.AppStore|iPhoneSimulator.Deploy.0 = Release|Any CPU
		{5126697E-5A29-4667-85D3-434EAD4DDE40}.Debug|Any CPU.ActiveCfg = Debug|Any CPU
		{5126697E-5A29-4667-85D3-434EAD4DDE40}.Debug|Any CPU.Build.0 = Debug|Any CPU
		{5126697E-5A29-4667-85D3-434EAD4DDE40}.Debug|Any CPU.Deploy.0 = Debug|Any CPU
		{5126697E-5A29-4667-85D3-434EAD4DDE40}.Debug|iPhone.ActiveCfg = Debug|Any CPU
		{5126697E-5A29-4667-85D3-434EAD4DDE40}.Debug|iPhone.Build.0 = Debug|Any CPU
		{5126697E-5A29-4667-85D3-434EAD4DDE40}.Debug|iPhone.Deploy.0 = Debug|Any CPU
		{5126697E-5A29-4667-85D3-434EAD4DDE40}.Debug|iPhoneSimulator.ActiveCfg = Debug|Any CPU
		{5126697E-5A29-4667-85D3-434EAD4DDE40}.Debug|iPhoneSimulator.Build.0 = Debug|Any CPU
		{5126697E-5A29-4667-85D3-434EAD4DDE40}.Debug|iPhoneSimulator.Deploy.0 = Debug|Any CPU
		{5126697E-5A29-4667-85D3-434EAD4DDE40}.Release|Any CPU.ActiveCfg = Release|Any CPU
		{5126697E-5A29-4667-85D3-434EAD4DDE40}.Release|Any CPU.Build.0 = Release|Any CPU
		{5126697E-5A29-4667-85D3-434EAD4DDE40}.Release|Any CPU.Deploy.0 = Release|Any CPU
		{5126697E-5A29-4667-85D3-434EAD4DDE40}.Release|iPhone.ActiveCfg = Release|Any CPU
		{5126697E-5A29-4667-85D3-434EAD4DDE40}.Release|iPhone.Build.0 = Release|Any CPU
		{5126697E-5A29-4667-85D3-434EAD4DDE40}.Release|iPhone.Deploy.0 = Release|Any CPU
		{5126697E-5A29-4667-85D3-434EAD4DDE40}.Release|iPhoneSimulator.ActiveCfg = Release|Any CPU
		{5126697E-5A29-4667-85D3-434EAD4DDE40}.Release|iPhoneSimulator.Build.0 = Release|Any CPU
		{5126697E-5A29-4667-85D3-434EAD4DDE40}.Release|iPhoneSimulator.Deploy.0 = Release|Any CPU
		{86C1F468-0D2E-46ED-896A-400AE9783BC7}.Ad-Hoc|Any CPU.ActiveCfg = Ad-Hoc|iPhone
		{86C1F468-0D2E-46ED-896A-400AE9783BC7}.Ad-Hoc|Any CPU.Build.0 = Ad-Hoc|iPhone
		{86C1F468-0D2E-46ED-896A-400AE9783BC7}.Ad-Hoc|Any CPU.Deploy.0 = Ad-Hoc|iPhone
		{86C1F468-0D2E-46ED-896A-400AE9783BC7}.Ad-Hoc|iPhone.ActiveCfg = Ad-Hoc|iPhone
		{86C1F468-0D2E-46ED-896A-400AE9783BC7}.Ad-Hoc|iPhone.Build.0 = Ad-Hoc|iPhone
		{86C1F468-0D2E-46ED-896A-400AE9783BC7}.Ad-Hoc|iPhone.Deploy.0 = Ad-Hoc|iPhone
		{86C1F468-0D2E-46ED-896A-400AE9783BC7}.Ad-Hoc|iPhoneSimulator.ActiveCfg = Ad-Hoc|iPhoneSimulator
		{86C1F468-0D2E-46ED-896A-400AE9783BC7}.Ad-Hoc|iPhoneSimulator.Build.0 = Ad-Hoc|iPhoneSimulator
		{86C1F468-0D2E-46ED-896A-400AE9783BC7}.Ad-Hoc|iPhoneSimulator.Deploy.0 = Ad-Hoc|iPhoneSimulator
		{86C1F468-0D2E-46ED-896A-400AE9783BC7}.AppStore|Any CPU.ActiveCfg = AppStore|iPhone
		{86C1F468-0D2E-46ED-896A-400AE9783BC7}.AppStore|Any CPU.Build.0 = AppStore|iPhone
		{86C1F468-0D2E-46ED-896A-400AE9783BC7}.AppStore|Any CPU.Deploy.0 = AppStore|iPhone
		{86C1F468-0D2E-46ED-896A-400AE9783BC7}.AppStore|iPhone.ActiveCfg = AppStore|iPhone
		{86C1F468-0D2E-46ED-896A-400AE9783BC7}.AppStore|iPhone.Build.0 = AppStore|iPhone
		{86C1F468-0D2E-46ED-896A-400AE9783BC7}.AppStore|iPhone.Deploy.0 = AppStore|iPhone
		{86C1F468-0D2E-46ED-896A-400AE9783BC7}.AppStore|iPhoneSimulator.ActiveCfg = AppStore|iPhoneSimulator
		{86C1F468-0D2E-46ED-896A-400AE9783BC7}.AppStore|iPhoneSimulator.Build.0 = AppStore|iPhoneSimulator
		{86C1F468-0D2E-46ED-896A-400AE9783BC7}.AppStore|iPhoneSimulator.Deploy.0 = AppStore|iPhoneSimulator
		{86C1F468-0D2E-46ED-896A-400AE9783BC7}.Debug|Any CPU.ActiveCfg = Debug|iPhoneSimulator
		{86C1F468-0D2E-46ED-896A-400AE9783BC7}.Debug|Any CPU.Build.0 = Debug|iPhoneSimulator
		{86C1F468-0D2E-46ED-896A-400AE9783BC7}.Debug|Any CPU.Deploy.0 = Debug|iPhoneSimulator
		{86C1F468-0D2E-46ED-896A-400AE9783BC7}.Debug|iPhone.ActiveCfg = Debug|iPhone
		{86C1F468-0D2E-46ED-896A-400AE9783BC7}.Debug|iPhone.Build.0 = Debug|iPhone
		{86C1F468-0D2E-46ED-896A-400AE9783BC7}.Debug|iPhone.Deploy.0 = Debug|iPhone
		{86C1F468-0D2E-46ED-896A-400AE9783BC7}.Debug|iPhoneSimulator.ActiveCfg = Debug|iPhoneSimulator
		{86C1F468-0D2E-46ED-896A-400AE9783BC7}.Debug|iPhoneSimulator.Build.0 = Debug|iPhoneSimulator
		{86C1F468-0D2E-46ED-896A-400AE9783BC7}.Debug|iPhoneSimulator.Deploy.0 = Debug|iPhoneSimulator
		{86C1F468-0D2E-46ED-896A-400AE9783BC7}.Release|Any CPU.ActiveCfg = Release|iPhone
		{86C1F468-0D2E-46ED-896A-400AE9783BC7}.Release|Any CPU.Build.0 = Release|iPhone
		{86C1F468-0D2E-46ED-896A-400AE9783BC7}.Release|Any CPU.Deploy.0 = Release|iPhone
		{86C1F468-0D2E-46ED-896A-400AE9783BC7}.Release|iPhone.ActiveCfg = Release|iPhone
		{86C1F468-0D2E-46ED-896A-400AE9783BC7}.Release|iPhone.Build.0 = Release|iPhone
		{86C1F468-0D2E-46ED-896A-400AE9783BC7}.Release|iPhone.Deploy.0 = Release|iPhone
		{86C1F468-0D2E-46ED-896A-400AE9783BC7}.Release|iPhoneSimulator.ActiveCfg = Release|iPhoneSimulator
		{86C1F468-0D2E-46ED-896A-400AE9783BC7}.Release|iPhoneSimulator.Build.0 = Release|iPhoneSimulator
		{86C1F468-0D2E-46ED-896A-400AE9783BC7}.Release|iPhoneSimulator.Deploy.0 = Release|iPhoneSimulator
		{1FCD6834-AA5F-45FC-B547-F6A2CA53DCCB}.Ad-Hoc|Any CPU.ActiveCfg = Debug|Any CPU
		{1FCD6834-AA5F-45FC-B547-F6A2CA53DCCB}.Ad-Hoc|Any CPU.Build.0 = Debug|Any CPU
		{1FCD6834-AA5F-45FC-B547-F6A2CA53DCCB}.Ad-Hoc|Any CPU.Deploy.0 = Debug|Any CPU
		{1FCD6834-AA5F-45FC-B547-F6A2CA53DCCB}.Ad-Hoc|iPhone.ActiveCfg = Debug|Any CPU
		{1FCD6834-AA5F-45FC-B547-F6A2CA53DCCB}.Ad-Hoc|iPhone.Build.0 = Debug|Any CPU
		{1FCD6834-AA5F-45FC-B547-F6A2CA53DCCB}.Ad-Hoc|iPhone.Deploy.0 = Debug|Any CPU
		{1FCD6834-AA5F-45FC-B547-F6A2CA53DCCB}.Ad-Hoc|iPhoneSimulator.ActiveCfg = Debug|Any CPU
		{1FCD6834-AA5F-45FC-B547-F6A2CA53DCCB}.Ad-Hoc|iPhoneSimulator.Build.0 = Debug|Any CPU
		{1FCD6834-AA5F-45FC-B547-F6A2CA53DCCB}.Ad-Hoc|iPhoneSimulator.Deploy.0 = Debug|Any CPU
		{1FCD6834-AA5F-45FC-B547-F6A2CA53DCCB}.AppStore|Any CPU.ActiveCfg = Debug|Any CPU
		{1FCD6834-AA5F-45FC-B547-F6A2CA53DCCB}.AppStore|Any CPU.Build.0 = Debug|Any CPU
		{1FCD6834-AA5F-45FC-B547-F6A2CA53DCCB}.AppStore|Any CPU.Deploy.0 = Debug|Any CPU
		{1FCD6834-AA5F-45FC-B547-F6A2CA53DCCB}.AppStore|iPhone.ActiveCfg = Debug|Any CPU
		{1FCD6834-AA5F-45FC-B547-F6A2CA53DCCB}.AppStore|iPhone.Build.0 = Debug|Any CPU
		{1FCD6834-AA5F-45FC-B547-F6A2CA53DCCB}.AppStore|iPhone.Deploy.0 = Debug|Any CPU
		{1FCD6834-AA5F-45FC-B547-F6A2CA53DCCB}.AppStore|iPhoneSimulator.ActiveCfg = Debug|Any CPU
		{1FCD6834-AA5F-45FC-B547-F6A2CA53DCCB}.AppStore|iPhoneSimulator.Build.0 = Debug|Any CPU
		{1FCD6834-AA5F-45FC-B547-F6A2CA53DCCB}.AppStore|iPhoneSimulator.Deploy.0 = Debug|Any CPU
		{1FCD6834-AA5F-45FC-B547-F6A2CA53DCCB}.Debug|Any CPU.ActiveCfg = Debug|Any CPU
		{1FCD6834-AA5F-45FC-B547-F6A2CA53DCCB}.Debug|Any CPU.Build.0 = Debug|Any CPU
		{1FCD6834-AA5F-45FC-B547-F6A2CA53DCCB}.Debug|Any CPU.Deploy.0 = Debug|Any CPU
		{1FCD6834-AA5F-45FC-B547-F6A2CA53DCCB}.Debug|iPhone.ActiveCfg = Debug|Any CPU
		{1FCD6834-AA5F-45FC-B547-F6A2CA53DCCB}.Debug|iPhone.Build.0 = Debug|Any CPU
		{1FCD6834-AA5F-45FC-B547-F6A2CA53DCCB}.Debug|iPhone.Deploy.0 = Debug|Any CPU
		{1FCD6834-AA5F-45FC-B547-F6A2CA53DCCB}.Debug|iPhoneSimulator.ActiveCfg = Debug|Any CPU
		{1FCD6834-AA5F-45FC-B547-F6A2CA53DCCB}.Debug|iPhoneSimulator.Build.0 = Debug|Any CPU
		{1FCD6834-AA5F-45FC-B547-F6A2CA53DCCB}.Debug|iPhoneSimulator.Deploy.0 = Debug|Any CPU
		{1FCD6834-AA5F-45FC-B547-F6A2CA53DCCB}.Release|Any CPU.ActiveCfg = Release|Any CPU
		{1FCD6834-AA5F-45FC-B547-F6A2CA53DCCB}.Release|Any CPU.Build.0 = Release|Any CPU
		{1FCD6834-AA5F-45FC-B547-F6A2CA53DCCB}.Release|Any CPU.Deploy.0 = Release|Any CPU
		{1FCD6834-AA5F-45FC-B547-F6A2CA53DCCB}.Release|iPhone.ActiveCfg = Release|Any CPU
		{1FCD6834-AA5F-45FC-B547-F6A2CA53DCCB}.Release|iPhone.Build.0 = Release|Any CPU
		{1FCD6834-AA5F-45FC-B547-F6A2CA53DCCB}.Release|iPhone.Deploy.0 = Release|Any CPU
		{1FCD6834-AA5F-45FC-B547-F6A2CA53DCCB}.Release|iPhoneSimulator.ActiveCfg = Release|Any CPU
		{1FCD6834-AA5F-45FC-B547-F6A2CA53DCCB}.Release|iPhoneSimulator.Build.0 = Release|Any CPU
		{1FCD6834-AA5F-45FC-B547-F6A2CA53DCCB}.Release|iPhoneSimulator.Deploy.0 = Release|Any CPU
	EndGlobalSection
	GlobalSection(SolutionProperties) = preSolution
		HideSolutionNode = FALSE
	EndGlobalSection
	GlobalSection(ExtensibilityGlobals) = postSolution
		SolutionGuid = {DF394EF0-5977-469F-87BF-D22EBE2CC563}
	EndGlobalSection
EndGlobal
